# THIS IS AN AUTOGENERATED FILE. DO NOT EDIT THIS FILE DIRECTLY.
# yarn lockfile v1


"@babel/runtime@^7.1.2":
  version "7.4.2"
  resolved "http://registry.npm.taobao.org/@babel/runtime/download/@babel/runtime-7.4.2.tgz#f5ab6897320f16decd855eed70b705908a313fe8"
  integrity sha1-9atolzIPFt7NhV7tcLcFkIoxP+g=
  dependencies:
    regenerator-runtime "^0.13.2"

"@liwb/cloud-utils@*":
  version "1.3.1"
  resolved "http://registry.npm.taobao.org/@liwb/cloud-utils/download/@liwb/cloud-utils-1.3.1.tgz#40e7e75ff2166106c5edb771fa5c244c963730b9"
  integrity sha1-QOfnX/IWYQbF7bdx+lwkTJY3MLk=
  dependencies:
    "@babel/runtime" "^7.1.2"

animation-util@^1.0.10:
  version "1.0.10"
  resolved "http://registry.npm.taobao.org/animation-util/download/animation-util-1.0.10.tgz#d706bebf21918ac76c2fd4a0b3b9f9361713fcea"
  integrity sha1-1wa+vyGRisdsL9Sgs7n5NhcT/Oo=
  dependencies:
    object-assign "^4.1.1"

animationjs@^0.1.5:
  version "0.1.7"
  resolved "http://registry.npm.taobao.org/animationjs/download/animationjs-0.1.7.tgz#0357da29f568d6b4469c9ae351fdf814c0291287"
  integrity sha1-A1faKfVo1rRGnJrjUf34FMApEoc=

appearjs@^0.1.4:
  version "0.1.6"
  resolved "http://registry.npm.taobao.org/appearjs/download/appearjs-0.1.6.tgz#2f4c1006754a9f35f3d2727adacef2d068068e95"
  integrity sha1-L0wQBnVKnzXz0nJ62s7y0GgGjpU=

bindingx-parser@0.x.x:
  version "0.0.3"
  resolved "http://registry.npm.taobao.org/bindingx-parser/download/bindingx-parser-0.0.3.tgz#b15e9b56115c399146aa56e3a96fac34098297ad"
  integrity sha1-sV6bVhFcOZFGqlbjqW+sNAmCl60=

bindingx-web-polyfill@0.x.x:
  version "0.1.18"
  resolved "http://registry.npm.taobao.org/bindingx-web-polyfill/download/bindingx-web-polyfill-0.1.18.tgz#4531bcef0a2c780731b9d0a0f651807109f28270"
  integrity sha1-RTG87woseAcxudCg9lGAcQnygnA=
  dependencies:
    animation-util "^1.0.10"
    object-assign "^4.1.1"
    simple-lodash "^0.0.3"

component-clone@0.2.2:
  version "0.2.2"
  resolved "http://registry.npm.taobao.org/component-clone/download/component-clone-0.2.2.tgz#c7f5979822880fad8cfb0962ba29186d061ee04f"
  integrity sha1-x/WXmCKID62M+wliuikYbQYe4E8=
  dependencies:
    component-type "*"

component-emitter@1.2.0:
  version "1.2.0"
  resolved "http://registry.npm.taobao.org/component-emitter/download/component-emitter-1.2.0.tgz#ccd113a86388d06482d03de3fc7df98526ba8efe"
  integrity sha1-zNETqGOI0GSC0D3j/H35hSa6jv4=

component-raf@1.2.0:
  version "1.2.0"
  resolved "http://registry.npm.taobao.org/component-raf/download/component-raf-1.2.0.tgz#b2bc72d43f1b014fde7a4b3c447c764bc73ccbaa"
  integrity sha1-srxy1D8bAU/eeks8RHx2S8c8y6o=

component-tween@1.2.0:
  version "1.2.0"
  resolved "http://registry.npm.taobao.org/component-tween/download/component-tween-1.2.0.tgz#cc39ce5dbab05b52825f41d1947638a0b01b2b8a"
  integrity sha1-zDnOXbqwW1KCX0HRlHY4oLAbK4o=
  dependencies:
    component-clone "0.2.2"
    component-emitter "1.2.0"
    component-type "1.1.0"
    ease-component "1.0.0"

component-type@*:
  version "1.2.1"
  resolved "http://registry.npm.taobao.org/component-type/download/component-type-1.2.1.tgz#8a47901700238e4fc32269771230226f24b415a9"
  integrity sha1-ikeQFwAjjk/DIml3EjAibyS0Fak=

component-type@1.1.0:
  version "1.1.0"
  resolved "http://registry.npm.taobao.org/component-type/download/component-type-1.1.0.tgz#95b666aad53e5c8d1f2be135c45b5d499197c0c5"
  integrity sha1-lbZmqtU+XI0fK+E1xFtdSZGXwMU=

core-js@^2.4.0:
  version "2.6.5"
  resolved "http://registry.npm.taobao.org/core-js/download/core-js-2.6.5.tgz#44bc8d249e7fb2ff5d00e0341a7ffb94fbf67895"
  integrity sha1-RLyNJJ5/sv9dAOA0Gn/7lPv2eJU=

cubicbezier@^0.1.1:
  version "0.1.2"
  resolved "http://registry.npm.taobao.org/cubicbezier/download/cubicbezier-0.1.2.tgz#ee0fb29df9398c99ed2dd57ea2afbe3a17496d39"
  integrity sha1-7g+ynfk5jJntLdV+oq++OhdJbTk=

ease-component@1.0.0:
  version "1.0.0"
  resolved "http://registry.npm.taobao.org/ease-component/download/ease-component-1.0.0.tgz#b375726db0b5b04595b77440396fec7daa5d77c9"
  integrity sha1-s3VybbC1sEWVt3RAOW/sfapdd8k=

envd@^0.1.1:
  version "0.1.2"
  resolved "http://registry.npm.taobao.org/envd/download/envd-0.1.2.tgz#6ded47181ba786e944c1362be410a493cd17a464"
  integrity sha1-be1HGBunhulEwTYr5BCkk80XpGQ=

httpurl@^0.1.1:
  version "0.1.2"
  resolved "http://registry.npm.taobao.org/httpurl/download/httpurl-0.1.2.tgz#3bd9c826829194b86df3118490f64c4f1954b790"
  integrity sha1-O9nIJoKRlLht8xGEkPZMTxlUt5A=

iscroll@^5.2.0:
  version "5.2.0"
  resolved "http://registry.npm.taobao.org/iscroll/download/iscroll-5.2.0.tgz#d513307088b5b25a4f893af474804468481829c8"
  integrity sha1-1RMwcIi1slpPiTr0dIBEaEgYKcg=

lazyimg@^0.1.5:
  version "0.1.6"
  resolved "http://registry.npm.taobao.org/lazyimg/download/lazyimg-0.1.6.tgz#f7fbb347dbc8c5409f2be80373beaea63931dabc"
  integrity sha1-9/uzR9vIxUCfK+gDc76upjkx2rw=
  dependencies:
    appearjs "^0.1.4"

lighting-ui@*:
  version "0.3.107"
  resolved "http://registry.npm.taobao.org/lighting-ui/download/lighting-ui-0.3.107.tgz#d8c3703d8716cbd954905d16edcb532db934fb61"
  integrity sha1-2MNwPYcWy9lUkF0W7ctTLbk0+2E=
  dependencies:
    url-parse "^1.1.9"
    weex-bindingx "0.0.17"
    weex-picker "^0.1.0"

modals@^0.1.6:
  version "0.1.9"
  resolved "http://registry.npm.taobao.org/modals/download/modals-0.1.9.tgz#3c199851982d3e17839a019e804303f96db8326e"
  integrity sha1-PBmYUZgtPheDmgGegEMD+W24Mm4=

moment@^2.17.1:
  version "2.24.0"
  resolved "http://registry.npm.taobao.org/moment/download/moment-2.24.0.tgz?cache=0&other_urls=http%3A%2F%2Fregistry.npm.taobao.org%2Fmoment%2Fdownload%2Fmoment-2.24.0.tgz#0d055d53f5052aa653c9f6eb68bb5d12bf5c2b5b"
  integrity sha1-DQVdU/UFKqZTyfbraLtdEr9cK1s=

object-assign@^4.1.0, object-assign@^4.1.1:
  version "4.1.1"
  resolved "http://registry.npm.taobao.org/object-assign/download/object-assign-4.1.1.tgz#2109adc7965887cfc05cbbd442cac8bfbb360863"
  integrity sha1-IQmtx5ZYh8/AXLvUQsrIv7s2CGM=

pikaday@^1.5.1:
  version "1.8.0"
  resolved "http://registry.npm.taobao.org/pikaday/download/pikaday-1.8.0.tgz#ce930e257042e852e6aadee1115e01554b2d71c5"
  integrity sha1-zpMOJXBC6FLmqt7hEV4BVUstccU=

query-string@^4.2.3:
  version "4.3.4"
  resolved "http://registry.npm.taobao.org/query-string/download/query-string-4.3.4.tgz#bbb693b9ca915c232515b228b1a02b609043dbeb"
  integrity sha1-u7aTucqRXCMlFbIosaArYJBD2+s=
  dependencies:
    object-assign "^4.1.0"
    strict-uri-encode "^1.0.0"

querystringify@^2.0.0:
  version "2.1.1"
  resolved "http://registry.npm.taobao.org/querystringify/download/querystringify-2.1.1.tgz#60e5a5fd64a7f8bfa4d2ab2ed6fdf4c85bad154e"
  integrity sha1-YOWl/WSn+L+k0qsu1v30yFutFU4=

regenerator-runtime@^0.13.2:
  version "0.13.2"
  resolved "http://registry.npm.taobao.org/regenerator-runtime/download/regenerator-runtime-0.13.2.tgz#32e59c9a6fb9b1a4aff09b4930ca2d4477343447"
  integrity sha1-MuWcmm+5saSv8JtJMMotRHc0NEc=

requires-port@^1.0.0:
  version "1.0.0"
  resolved "http://registry.npm.taobao.org/requires-port/download/requires-port-1.0.0.tgz#925d2601d39ac485e091cf0da5c6e694dc3dcaff"
  integrity sha1-kl0mAdOaxIXgkc8NpcbmlNw9yv8=

scroll-to@0.0.2:
  version "0.0.2"
  resolved "http://registry.npm.taobao.org/scroll-to/download/scroll-to-0.0.2.tgz#936d398a9133660a2492145c2c0081dfcb0728f3"
  integrity sha1-k205ipEzZgokkhRcLACB38sHKPM=
  dependencies:
    component-raf "1.2.0"
    component-tween "1.2.0"

semver@^5.1.0:
  version "5.7.0"
  resolved "http://registry.npm.taobao.org/semver/download/semver-5.7.0.tgz#790a7cf6fea5459bac96110b29b60412dc8ff96b"
  integrity sha1-eQp89v6lRZuslhELKbYEEtyP+Ws=

simple-lodash@^0.0.2:
  version "0.0.2"
  resolved "http://registry.npm.taobao.org/simple-lodash/download/simple-lodash-0.0.2.tgz#d8eb4a60e996a550a5c1adda8efbb762989246b1"
  integrity sha1-2OtKYOmWpVClwa3ajvu3YpiSRrE=

simple-lodash@^0.0.3:
  version "0.0.3"
  resolved "http://registry.npm.taobao.org/simple-lodash/download/simple-lodash-0.0.3.tgz#612ae1c05f6908481d8c342ecbe3663d237941e0"
  integrity sha1-YSrhwF9pCEgdjDQuy+NmPSN5QeA=

strict-uri-encode@^1.0.0:
  version "1.1.0"
  resolved "http://registry.npm.taobao.org/strict-uri-encode/download/strict-uri-encode-1.1.0.tgz#279b225df1d582b1f54e65addd4352e18faa0713"
  integrity sha1-J5siXfHVgrH1TmWt3UNS4Y+qBxM=

universal-env@0.x.x:
  version "0.6.6"
  resolved "http://registry.npm.taobao.org/universal-env/download/universal-env-0.6.6.tgz#dd5adf816a8ec3e908d4848e1714dfe30dd8a970"
  integrity sha1-3VrfgWqOw+kI1ISOFxTf4w3YqXA=

url-parse@^1.1.9:
  version "1.4.4"
  resolved "http://registry.npm.taobao.org/url-parse/download/url-parse-1.4.4.tgz#cac1556e95faa0303691fec5cf9d5a1bc34648f8"
  integrity sha1-ysFVbpX6oDA2kf7Fz51aG8NGSPg=
  dependencies:
    querystringify "^2.0.0"
    requires-port "^1.0.0"

weex-bindingx@0.0.17:
  version "0.0.17"
  resolved "http://registry.npm.taobao.org/weex-bindingx/download/weex-bindingx-0.0.17.tgz#08986506c4ec998f8864f0c4635ba646c0911199"
  integrity sha1-CJhlBsTsmY+IZPDEY1umRsCREZk=
  dependencies:
    bindingx-parser "0.x.x"
    bindingx-web-polyfill "0.x.x"
    object-assign "^4.1.1"
    simple-lodash "^0.0.2"
    universal-env "0.x.x"

weex-components@^0.2.0:
  version "0.2.1"
  resolved "http://registry.npm.taobao.org/weex-components/download/weex-components-0.2.1.tgz#33a250a5ac7d264c3f396def893d992d30fe5707"
  integrity sha1-M6JQpax9Jkw/OW3viT2ZLTD+Vwc=

weex-picker@^0.1.0:
  version "0.1.4"
  resolved "http://registry.npm.taobao.org/weex-picker/download/weex-picker-0.1.4.tgz#4d648096274277f5f70828a40ba909e4ff143fa0"
  integrity sha1-TWSAlidCd/X3CCikC6kJ5P8UP6A=
  dependencies:
    animationjs "^0.1.5"
    core-js "^2.4.0"
    cubicbezier "^0.1.1"
    envd "^0.1.1"
    httpurl "^0.1.1"
    iscroll "^5.2.0"
    lazyimg "^0.1.5"
    modals "^0.1.6"
    moment "^2.17.1"
    pikaday "^1.5.1"
    query-string "^4.2.3"
    scroll-to "0.0.2"
    semver "^5.1.0"
    weex-components "^0.2.0"
    weex-vue-framework "2.1.8-weex.1"

weex-vue-framework@2.1.8-weex.1:
  version "2.1.8-weex.1"
  resolved "http://registry.npm.taobao.org/weex-vue-framework/download/weex-vue-framework-2.1.8-weex.1.tgz#74e586bfbf6e8dffde26e3b1d46ce0b08fc2974f"
  integrity sha1-dOWGv79ujf/eJuOx1GzgsI/Cl08=
